// !$*UTF8*$!
{
	archiveVersion = 1;
	classes = {
	};
	objectVersion = 50;
	objects = {

/* Begin PBXBuildFile section */
		2E86ABCDE0CD367410AF75A1 /* Pods_MusicUITests.framework in Frameworks */ = {isa = PBXBuildFile; fileRef = E96ECD94C14E68ABD671D9AC /* Pods_MusicUITests.framework */; };
		5AE289CA1EB4E5C2BD7A61B4 /* Pods_MusicTests.framework in Frameworks */ = {isa = PBXBuildFile; fileRef = 7F03D1C79F858FB6557DB5D5 /* Pods_MusicTests.framework */; };
		84275752221E93AE00716AB0 /* DetailArtist.swift in Sources */ = {isa = PBXBuildFile; fileRef = 84275751221E93AE00716AB0 /* DetailArtist.swift */; };
		84275757221F0CC800716AB0 /* extensionUIView.swift in Sources */ = {isa = PBXBuildFile; fileRef = 84275756221F0CC800716AB0 /* extensionUIView.swift */; };
		84275759221F0D5A00716AB0 /* UCBaseViewController.swift in Sources */ = {isa = PBXBuildFile; fileRef = 84275758221F0D5A00716AB0 /* UCBaseViewController.swift */; };
		8427575B221F0D7600716AB0 /* UIView+Borders.swift in Sources */ = {isa = PBXBuildFile; fileRef = 8427575A221F0D7600716AB0 /* UIView+Borders.swift */; };
		8427575E221F15BE00716AB0 /* TrackFavoriteTableViewCell.swift in Sources */ = {isa = PBXBuildFile; fileRef = 8427575D221F15BE00716AB0 /* TrackFavoriteTableViewCell.swift */; };
		844B7BD7221CC12500205A6B /* TracksGenreTableViewCell.swift in Sources */ = {isa = PBXBuildFile; fileRef = 844B7BD6221CC12500205A6B /* TracksGenreTableViewCell.swift */; };
		844B7BD9221CC22200205A6B /* ListTrackByGenre.swift in Sources */ = {isa = PBXBuildFile; fileRef = 844B7BD8221CC22200205A6B /* ListTrackByGenre.swift */; };
		84BBDD00221C376400ACE3C6 /* AppDelegate.swift in Sources */ = {isa = PBXBuildFile; fileRef = 84BBDCFF221C376400ACE3C6 /* AppDelegate.swift */; };
		84BBDD02221C376400ACE3C6 /* Home.swift in Sources */ = {isa = PBXBuildFile; fileRef = 84BBDD01221C376400ACE3C6 /* Home.swift */; };
		84BBDD05221C376400ACE3C6 /* Main.storyboard in Resources */ = {isa = PBXBuildFile; fileRef = 84BBDD03221C376400ACE3C6 /* Main.storyboard */; };
		84BBDD07221C376500ACE3C6 /* Assets.xcassets in Resources */ = {isa = PBXBuildFile; fileRef = 84BBDD06221C376500ACE3C6 /* Assets.xcassets */; };
		84BBDD0A221C376500ACE3C6 /* LaunchScreen.storyboard in Resources */ = {isa = PBXBuildFile; fileRef = 84BBDD08221C376500ACE3C6 /* LaunchScreen.storyboard */; };
		84BBDD15221C376500ACE3C6 /* MusicTests.swift in Sources */ = {isa = PBXBuildFile; fileRef = 84BBDD14221C376500ACE3C6 /* MusicTests.swift */; };
		84BBDD20221C376500ACE3C6 /* MusicUITests.swift in Sources */ = {isa = PBXBuildFile; fileRef = 84BBDD1F221C376500ACE3C6 /* MusicUITests.swift */; };
		84BBDD31221C422E00ACE3C6 /* Favorite.swift in Sources */ = {isa = PBXBuildFile; fileRef = 84BBDD30221C422E00ACE3C6 /* Favorite.swift */; };
		84BBDD33221C423D00ACE3C6 /* Player.swift in Sources */ = {isa = PBXBuildFile; fileRef = 84BBDD32221C423D00ACE3C6 /* Player.swift */; };
		84BBDD35221C424800ACE3C6 /* Browser.swift in Sources */ = {isa = PBXBuildFile; fileRef = 84BBDD34221C424800ACE3C6 /* Browser.swift */; };
		84BBDD37221C425200ACE3C6 /* Playlist.swift in Sources */ = {isa = PBXBuildFile; fileRef = 84BBDD36221C425200ACE3C6 /* Playlist.swift */; };
		84BBDD39221C47CA00ACE3C6 /* InformationTracks.swift in Sources */ = {isa = PBXBuildFile; fileRef = 84BBDD38221C47CA00ACE3C6 /* InformationTracks.swift */; };
		84BBDD3C221C4D2900ACE3C6 /* API.swift in Sources */ = {isa = PBXBuildFile; fileRef = 84BBDD3B221C4D2900ACE3C6 /* API.swift */; };
		84BBDD3E221C5B5D00ACE3C6 /* GenreCollectionViewCell.swift in Sources */ = {isa = PBXBuildFile; fileRef = 84BBDD3D221C5B5D00ACE3C6 /* GenreCollectionViewCell.swift */; };
		84BBDD40221C77D400ACE3C6 /* TopArtistCollectionViewCell.swift in Sources */ = {isa = PBXBuildFile; fileRef = 84BBDD3F221C77D400ACE3C6 /* TopArtistCollectionViewCell.swift */; };
		84BBDD42221C91D900ACE3C6 /* TopMusicCollectionViewCell.swift in Sources */ = {isa = PBXBuildFile; fileRef = 84BBDD41221C91D900ACE3C6 /* TopMusicCollectionViewCell.swift */; };
		BF93FCFB473308B05BC17F45 /* Pods_Music.framework in Frameworks */ = {isa = PBXBuildFile; fileRef = 9A415F9EC2C2AC3B651F8BB0 /* Pods_Music.framework */; };
/* End PBXBuildFile section */

/* Begin PBXContainerItemProxy section */
		84BBDD11221C376500ACE3C6 /* PBXContainerItemProxy */ = {
			isa = PBXContainerItemProxy;
			containerPortal = 84BBDCF4221C376400ACE3C6 /* Project object */;
			proxyType = 1;
			remoteGlobalIDString = 84BBDCFB221C376400ACE3C6;
			remoteInfo = Music;
		};
		84BBDD1C221C376500ACE3C6 /* PBXContainerItemProxy */ = {
			isa = PBXContainerItemProxy;
			containerPortal = 84BBDCF4221C376400ACE3C6 /* Project object */;
			proxyType = 1;
			remoteGlobalIDString = 84BBDCFB221C376400ACE3C6;
			remoteInfo = Music;
		};
/* End PBXContainerItemProxy section */

/* Begin PBXFileReference section */
		1B100A7EDC09B250F8014343 /* Pods-MusicTests.debug.xcconfig */ = {isa = PBXFileReference; includeInIndex = 1; lastKnownFileType = text.xcconfig; name = "Pods-MusicTests.debug.xcconfig"; path = "Pods/Target Support Files/Pods-MusicTests/Pods-MusicTests.debug.xcconfig"; sourceTree = "<group>"; };
		5BF61FBAB71DB73A420626A0 /* Pods-MusicUITests.debug.xcconfig */ = {isa = PBXFileReference; includeInIndex = 1; lastKnownFileType = text.xcconfig; name = "Pods-MusicUITests.debug.xcconfig"; path = "Pods/Target Support Files/Pods-MusicUITests/Pods-MusicUITests.debug.xcconfig"; sourceTree = "<group>"; };
		75E1281C065BF91FBECA6D00 /* Pods-MusicTests.release.xcconfig */ = {isa = PBXFileReference; includeInIndex = 1; lastKnownFileType = text.xcconfig; name = "Pods-MusicTests.release.xcconfig"; path = "Pods/Target Support Files/Pods-MusicTests/Pods-MusicTests.release.xcconfig"; sourceTree = "<group>"; };
		7F03D1C79F858FB6557DB5D5 /* Pods_MusicTests.framework */ = {isa = PBXFileReference; explicitFileType = wrapper.framework; includeInIndex = 0; path = Pods_MusicTests.framework; sourceTree = BUILT_PRODUCTS_DIR; };
		84275751221E93AE00716AB0 /* DetailArtist.swift */ = {isa = PBXFileReference; lastKnownFileType = sourcecode.swift; path = DetailArtist.swift; sourceTree = "<group>"; };
		84275756221F0CC800716AB0 /* extensionUIView.swift */ = {isa = PBXFileReference; fileEncoding = 4; lastKnownFileType = sourcecode.swift; path = extensionUIView.swift; sourceTree = "<group>"; };
		84275758221F0D5A00716AB0 /* UCBaseViewController.swift */ = {isa = PBXFileReference; fileEncoding = 4; lastKnownFileType = sourcecode.swift; path = UCBaseViewController.swift; sourceTree = "<group>"; };
		8427575A221F0D7600716AB0 /* UIView+Borders.swift */ = {isa = PBXFileReference; fileEncoding = 4; lastKnownFileType = sourcecode.swift; path = "UIView+Borders.swift"; sourceTree = "<group>"; };
		8427575D221F15BE00716AB0 /* TrackFavoriteTableViewCell.swift */ = {isa = PBXFileReference; lastKnownFileType = sourcecode.swift; path = TrackFavoriteTableViewCell.swift; sourceTree = "<group>"; };
		844B7BD6221CC12500205A6B /* TracksGenreTableViewCell.swift */ = {isa = PBXFileReference; lastKnownFileType = sourcecode.swift; path = TracksGenreTableViewCell.swift; sourceTree = "<group>"; };
		844B7BD8221CC22200205A6B /* ListTrackByGenre.swift */ = {isa = PBXFileReference; lastKnownFileType = sourcecode.swift; path = ListTrackByGenre.swift; sourceTree = "<group>"; };
		84BBDCFC221C376400ACE3C6 /* Music.app */ = {isa = PBXFileReference; explicitFileType = wrapper.application; includeInIndex = 0; path = Music.app; sourceTree = BUILT_PRODUCTS_DIR; };
		84BBDCFF221C376400ACE3C6 /* AppDelegate.swift */ = {isa = PBXFileReference; lastKnownFileType = sourcecode.swift; path = AppDelegate.swift; sourceTree = "<group>"; };
		84BBDD01221C376400ACE3C6 /* Home.swift */ = {isa = PBXFileReference; lastKnownFileType = sourcecode.swift; path = Home.swift; sourceTree = "<group>"; };
		84BBDD04221C376400ACE3C6 /* Base */ = {isa = PBXFileReference; lastKnownFileType = file.storyboard; name = Base; path = Base.lproj/Main.storyboard; sourceTree = "<group>"; };
		84BBDD06221C376500ACE3C6 /* Assets.xcassets */ = {isa = PBXFileReference; lastKnownFileType = folder.assetcatalog; path = Assets.xcassets; sourceTree = "<group>"; };
		84BBDD09221C376500ACE3C6 /* Base */ = {isa = PBXFileReference; lastKnownFileType = file.storyboard; name = Base; path = Base.lproj/LaunchScreen.storyboard; sourceTree = "<group>"; };
		84BBDD0B221C376500ACE3C6 /* Info.plist */ = {isa = PBXFileReference; lastKnownFileType = text.plist.xml; path = Info.plist; sourceTree = "<group>"; };
		84BBDD10221C376500ACE3C6 /* MusicTests.xctest */ = {isa = PBXFileReference; explicitFileType = wrapper.cfbundle; includeInIndex = 0; path = MusicTests.xctest; sourceTree = BUILT_PRODUCTS_DIR; };
		84BBDD14221C376500ACE3C6 /* MusicTests.swift */ = {isa = PBXFileReference; lastKnownFileType = sourcecode.swift; path = MusicTests.swift; sourceTree = "<group>"; };
		84BBDD16221C376500ACE3C6 /* Info.plist */ = {isa = PBXFileReference; lastKnownFileType = text.plist.xml; path = Info.plist; sourceTree = "<group>"; };
		84BBDD1B221C376500ACE3C6 /* MusicUITests.xctest */ = {isa = PBXFileReference; explicitFileType = wrapper.cfbundle; includeInIndex = 0; path = MusicUITests.xctest; sourceTree = BUILT_PRODUCTS_DIR; };
		84BBDD1F221C376500ACE3C6 /* MusicUITests.swift */ = {isa = PBXFileReference; lastKnownFileType = sourcecode.swift; path = MusicUITests.swift; sourceTree = "<group>"; };
		84BBDD21221C376500ACE3C6 /* Info.plist */ = {isa = PBXFileReference; lastKnownFileType = text.plist.xml; path = Info.plist; sourceTree = "<group>"; };
		84BBDD30221C422E00ACE3C6 /* Favorite.swift */ = {isa = PBXFileReference; lastKnownFileType = sourcecode.swift; path = Favorite.swift; sourceTree = "<group>"; };
		84BBDD32221C423D00ACE3C6 /* Player.swift */ = {isa = PBXFileReference; lastKnownFileType = sourcecode.swift; path = Player.swift; sourceTree = "<group>"; };
		84BBDD34221C424800ACE3C6 /* Browser.swift */ = {isa = PBXFileReference; lastKnownFileType = sourcecode.swift; path = Browser.swift; sourceTree = "<group>"; };
		84BBDD36221C425200ACE3C6 /* Playlist.swift */ = {isa = PBXFileReference; lastKnownFileType = sourcecode.swift; path = Playlist.swift; sourceTree = "<group>"; };
		84BBDD38221C47CA00ACE3C6 /* InformationTracks.swift */ = {isa = PBXFileReference; lastKnownFileType = sourcecode.swift; path = InformationTracks.swift; sourceTree = "<group>"; };
		84BBDD3B221C4D2900ACE3C6 /* API.swift */ = {isa = PBXFileReference; lastKnownFileType = sourcecode.swift; path = API.swift; sourceTree = "<group>"; };
		84BBDD3D221C5B5D00ACE3C6 /* GenreCollectionViewCell.swift */ = {isa = PBXFileReference; lastKnownFileType = sourcecode.swift; path = GenreCollectionViewCell.swift; sourceTree = "<group>"; };
		84BBDD3F221C77D400ACE3C6 /* TopArtistCollectionViewCell.swift */ = {isa = PBXFileReference; lastKnownFileType = sourcecode.swift; path = TopArtistCollectionViewCell.swift; sourceTree = "<group>"; };
		84BBDD41221C91D900ACE3C6 /* TopMusicCollectionViewCell.swift */ = {isa = PBXFileReference; lastKnownFileType = sourcecode.swift; path = TopMusicCollectionViewCell.swift; sourceTree = "<group>"; };
		9A415F9EC2C2AC3B651F8BB0 /* Pods_Music.framework */ = {isa = PBXFileReference; explicitFileType = wrapper.framework; includeInIndex = 0; path = Pods_Music.framework; sourceTree = BUILT_PRODUCTS_DIR; };
		9E443307990986626D9CCAAC /* Pods-Music.debug.xcconfig */ = {isa = PBXFileReference; includeInIndex = 1; lastKnownFileType = text.xcconfig; name = "Pods-Music.debug.xcconfig"; path = "Pods/Target Support Files/Pods-Music/Pods-Music.debug.xcconfig"; sourceTree = "<group>"; };
		CE2F26E4F64C66452C7E9FD0 /* Pods-MusicUITests.release.xcconfig */ = {isa = PBXFileReference; includeInIndex = 1; lastKnownFileType = text.xcconfig; name = "Pods-MusicUITests.release.xcconfig"; path = "Pods/Target Support Files/Pods-MusicUITests/Pods-MusicUITests.release.xcconfig"; sourceTree = "<group>"; };
		E96ECD94C14E68ABD671D9AC /* Pods_MusicUITests.framework */ = {isa = PBXFileReference; explicitFileType = wrapper.framework; includeInIndex = 0; path = Pods_MusicUITests.framework; sourceTree = BUILT_PRODUCTS_DIR; };
		F769316A72F54DADA2D5CD70 /* Pods-Music.release.xcconfig */ = {isa = PBXFileReference; includeInIndex = 1; lastKnownFileType = text.xcconfig; name = "Pods-Music.release.xcconfig"; path = "Pods/Target Support Files/Pods-Music/Pods-Music.release.xcconfig"; sourceTree = "<group>"; };
/* End PBXFileReference section */

/* Begin PBXFrameworksBuildPhase section */
		84BBDCF9221C376400ACE3C6 /* Frameworks */ = {
			isa = PBXFrameworksBuildPhase;
			buildActionMask = 2147483647;
			files = (
				BF93FCFB473308B05BC17F45 /* Pods_Music.framework in Frameworks */,
			);
			runOnlyForDeploymentPostprocessing = 0;
		};
		84BBDD0D221C376500ACE3C6 /* Frameworks */ = {
			isa = PBXFrameworksBuildPhase;
			buildActionMask = 2147483647;
			files = (
				5AE289CA1EB4E5C2BD7A61B4 /* Pods_MusicTests.framework in Frameworks */,
			);
			runOnlyForDeploymentPostprocessing = 0;
		};
		84BBDD18221C376500ACE3C6 /* Frameworks */ = {
			isa = PBXFrameworksBuildPhase;
			buildActionMask = 2147483647;
			files = (
				2E86ABCDE0CD367410AF75A1 /* Pods_MusicUITests.framework in Frameworks */,
			);
			runOnlyForDeploymentPostprocessing = 0;
		};
/* End PBXFrameworksBuildPhase section */

/* Begin PBXGroup section */
		8427575C221F0D8600716AB0 /* Base */ = {
			isa = PBXGroup;
			children = (
				84275756221F0CC800716AB0 /* extensionUIView.swift */,
				8427575A221F0D7600716AB0 /* UIView+Borders.swift */,
				84275758221F0D5A00716AB0 /* UCBaseViewController.swift */,
			);
			path = Base;
			sourceTree = "<group>";
		};
		84BBDCF3221C376400ACE3C6 = {
			isa = PBXGroup;
			children = (
				84BBDCFE221C376400ACE3C6 /* Music */,
				84BBDD13221C376500ACE3C6 /* MusicTests */,
				84BBDD1E221C376500ACE3C6 /* MusicUITests */,
				84BBDCFD221C376400ACE3C6 /* Products */,
				CD06FF3DE3EC630BE36461E0 /* Pods */,
				FAB5F1E6BDECAF82BFDB0361 /* Frameworks */,
			);
			sourceTree = "<group>";
		};
		84BBDCFD221C376400ACE3C6 /* Products */ = {
			isa = PBXGroup;
			children = (
				84BBDCFC221C376400ACE3C6 /* Music.app */,
				84BBDD10221C376500ACE3C6 /* MusicTests.xctest */,
				84BBDD1B221C376500ACE3C6 /* MusicUITests.xctest */,
			);
			name = Products;
			sourceTree = "<group>";
		};
		84BBDCFE221C376400ACE3C6 /* Music */ = {
			isa = PBXGroup;
			children = (
				8427575C221F0D8600716AB0 /* Base */,
				84BBDD2E221C383000ACE3C6 /* Model */,
				84BBDD2F221C383500ACE3C6 /* Views */,
				84BBDD2D221C382800ACE3C6 /* Controller */,
				84BBDD3A221C4D1200ACE3C6 /* API */,
				84BBDCFF221C376400ACE3C6 /* AppDelegate.swift */,
				84BBDD06221C376500ACE3C6 /* Assets.xcassets */,
				84BBDD08221C376500ACE3C6 /* LaunchScreen.storyboard */,
				84BBDD0B221C376500ACE3C6 /* Info.plist */,
			);
			path = Music;
			sourceTree = "<group>";
		};
		84BBDD13221C376500ACE3C6 /* MusicTests */ = {
			isa = PBXGroup;
			children = (
				84BBDD14221C376500ACE3C6 /* MusicTests.swift */,
				84BBDD16221C376500ACE3C6 /* Info.plist */,
			);
			path = MusicTests;
			sourceTree = "<group>";
		};
		84BBDD1E221C376500ACE3C6 /* MusicUITests */ = {
			isa = PBXGroup;
			children = (
				84BBDD1F221C376500ACE3C6 /* MusicUITests.swift */,
				84BBDD21221C376500ACE3C6 /* Info.plist */,
			);
			path = MusicUITests;
			sourceTree = "<group>";
		};
		84BBDD2D221C382800ACE3C6 /* Controller */ = {
			isa = PBXGroup;
			children = (
				84BBDD01221C376400ACE3C6 /* Home.swift */,
				844B7BD8221CC22200205A6B /* ListTrackByGenre.swift */,
				84275751221E93AE00716AB0 /* DetailArtist.swift */,
				84BBDD30221C422E00ACE3C6 /* Favorite.swift */,
				84BBDD32221C423D00ACE3C6 /* Player.swift */,
				84BBDD34221C424800ACE3C6 /* Browser.swift */,
				84BBDD36221C425200ACE3C6 /* Playlist.swift */,
			);
			path = Controller;
			sourceTree = "<group>";
		};
		84BBDD2E221C383000ACE3C6 /* Model */ = {
			isa = PBXGroup;
			children = (
				84BBDD38221C47CA00ACE3C6 /* InformationTracks.swift */,
				84BBDD3D221C5B5D00ACE3C6 /* GenreCollectionViewCell.swift */,
				84BBDD3F221C77D400ACE3C6 /* TopArtistCollectionViewCell.swift */,
				84BBDD41221C91D900ACE3C6 /* TopMusicCollectionViewCell.swift */,
				844B7BD6221CC12500205A6B /* TracksGenreTableViewCell.swift */,
				8427575D221F15BE00716AB0 /* TrackFavoriteTableViewCell.swift */,
			);
			path = Model;
			sourceTree = "<group>";
		};
		84BBDD2F221C383500ACE3C6 /* Views */ = {
			isa = PBXGroup;
			children = (
				84BBDD03221C376400ACE3C6 /* Main.storyboard */,
			);
			path = Views;
			sourceTree = "<group>";
		};
		84BBDD3A221C4D1200ACE3C6 /* API */ = {
			isa = PBXGroup;
			children = (
				84BBDD3B221C4D2900ACE3C6 /* API.swift */,
			);
			path = API;
			sourceTree = "<group>";
		};
		CD06FF3DE3EC630BE36461E0 /* Pods */ = {
			isa = PBXGroup;
			children = (
				9E443307990986626D9CCAAC /* Pods-Music.debug.xcconfig */,
				F769316A72F54DADA2D5CD70 /* Pods-Music.release.xcconfig */,
				1B100A7EDC09B250F8014343 /* Pods-MusicTests.debug.xcconfig */,
				75E1281C065BF91FBECA6D00 /* Pods-MusicTests.release.xcconfig */,
				5BF61FBAB71DB73A420626A0 /* Pods-MusicUITests.debug.xcconfig */,
				CE2F26E4F64C66452C7E9FD0 /* Pods-MusicUITests.release.xcconfig */,
			);
			name = Pods;
			sourceTree = "<group>";
		};
		FAB5F1E6BDECAF82BFDB0361 /* Frameworks */ = {
			isa = PBXGroup;
			children = (
				9A415F9EC2C2AC3B651F8BB0 /* Pods_Music.framework */,
				7F03D1C79F858FB6557DB5D5 /* Pods_MusicTests.framework */,
				E96ECD94C14E68ABD671D9AC /* Pods_MusicUITests.framework */,
			);
			name = Frameworks;
			sourceTree = "<group>";
		};
/* End PBXGroup section */

/* Begin PBXNativeTarget section */
		84BBDCFB221C376400ACE3C6 /* Music */ = {
			isa = PBXNativeTarget;
			buildConfigurationList = 84BBDD24221C376500ACE3C6 /* Build configuration list for PBXNativeTarget "Music" */;
			buildPhases = (
				C4ABF8D95888B459155D367A /* [CP] Check Pods Manifest.lock */,
				84BBDCF8221C376400ACE3C6 /* Sources */,
				84BBDCF9221C376400ACE3C6 /* Frameworks */,
				84BBDCFA221C376400ACE3C6 /* Resources */,
				E126ECFF5B088AF4726E22C6 /* [CP] Embed Pods Frameworks */,
			);
			buildRules = (
			);
			dependencies = (
			);
			name = Music;
			productName = Music;
			productReference = 84BBDCFC221C376400ACE3C6 /* Music.app */;
			productType = "com.apple.product-type.application";
		};
		84BBDD0F221C376500ACE3C6 /* MusicTests */ = {
			isa = PBXNativeTarget;
			buildConfigurationList = 84BBDD27221C376500ACE3C6 /* Build configuration list for PBXNativeTarget "MusicTests" */;
			buildPhases = (
				F93B04C53E5D48C5D0769C1F /* [CP] Check Pods Manifest.lock */,
				84BBDD0C221C376500ACE3C6 /* Sources */,
				84BBDD0D221C376500ACE3C6 /* Frameworks */,
				84BBDD0E221C376500ACE3C6 /* Resources */,
			);
			buildRules = (
			);
			dependencies = (
				84BBDD12221C376500ACE3C6 /* PBXTargetDependency */,
			);
			name = MusicTests;
			productName = MusicTests;
			productReference = 84BBDD10221C376500ACE3C6 /* MusicTests.xctest */;
			productType = "com.apple.product-type.bundle.unit-test";
		};
		84BBDD1A221C376500ACE3C6 /* MusicUITests */ = {
			isa = PBXNativeTarget;
			buildConfigurationList = 84BBDD2A221C376500ACE3C6 /* Build configuration list for PBXNativeTarget "MusicUITests" */;
			buildPhases = (
				0358FD19151B1A0CEFC67A16 /* [CP] Check Pods Manifest.lock */,
				84BBDD17221C376500ACE3C6 /* Sources */,
				84BBDD18221C376500ACE3C6 /* Frameworks */,
				84BBDD19221C376500ACE3C6 /* Resources */,
			);
			buildRules = (
			);
			dependencies = (
				84BBDD1D221C376500ACE3C6 /* PBXTargetDependency */,
			);
			name = MusicUITests;
			productName = MusicUITests;
			productReference = 84BBDD1B221C376500ACE3C6 /* MusicUITests.xctest */;
			productType = "com.apple.product-type.bundle.ui-testing";
		};
/* End PBXNativeTarget section */

/* Begin PBXProject section */
		84BBDCF4221C376400ACE3C6 /* Project object */ = {
			isa = PBXProject;
			attributes = {
				LastSwiftUpdateCheck = 1010;
				LastUpgradeCheck = 1010;
				ORGANIZATIONNAME = Admin;
				TargetAttributes = {
					84BBDCFB221C376400ACE3C6 = {
						CreatedOnToolsVersion = 10.1;
					};
					84BBDD0F221C376500ACE3C6 = {
						CreatedOnToolsVersion = 10.1;
						TestTargetID = 84BBDCFB221C376400ACE3C6;
					};
					84BBDD1A221C376500ACE3C6 = {
						CreatedOnToolsVersion = 10.1;
						TestTargetID = 84BBDCFB221C376400ACE3C6;
					};
				};
			};
			buildConfigurationList = 84BBDCF7221C376400ACE3C6 /* Build configuration list for PBXProject "Music" */;
			compatibilityVersion = "Xcode 9.3";
			developmentRegion = en;
			hasScannedForEncodings = 0;
			knownRegions = (
				en,
				Base,
			);
			mainGroup = 84BBDCF3221C376400ACE3C6;
			productRefGroup = 84BBDCFD221C376400ACE3C6 /* Products */;
			projectDirPath = "";
			projectRoot = "";
			targets = (
				84BBDCFB221C376400ACE3C6 /* Music */,
				84BBDD0F221C376500ACE3C6 /* MusicTests */,
				84BBDD1A221C376500ACE3C6 /* MusicUITests */,
			);
		};
/* End PBXProject section */

/* Begin PBXResourcesBuildPhase section */
		84BBDCFA221C376400ACE3C6 /* Resources */ = {
			isa = PBXResourcesBuildPhase;
			buildActionMask = 2147483647;
			files = (
				84BBDD0A221C376500ACE3C6 /* LaunchScreen.storyboard in Resources */,
				84BBDD07221C376500ACE3C6 /* Assets.xcassets in Resources */,
				84BBDD05221C376400ACE3C6 /* Main.storyboard in Resources */,
			);
			runOnlyForDeploymentPostprocessing = 0;
		};
		84BBDD0E221C376500ACE3C6 /* Resources */ = {
			isa = PBXResourcesBuildPhase;
			buildActionMask = 2147483647;
			files = (
			);
			runOnlyForDeploymentPostprocessing = 0;
		};
		84BBDD19221C376500ACE3C6 /* Resources */ = {
			isa = PBXResourcesBuildPhase;
			buildActionMask = 2147483647;
			files = (
			);
			runOnlyForDeploymentPostprocessing = 0;
		};
/* End PBXResourcesBuildPhase section */

/* Begin PBXShellScriptBuildPhase section */
		0358FD19151B1A0CEFC67A16 /* [CP] Check Pods Manifest.lock */ = {
			isa = PBXShellScriptBuildPhase;
			buildActionMask = 2147483647;
			files = (
			);
			inputFileListPaths = (
			);
			inputPaths = (
				"${PODS_PODFILE_DIR_PATH}/Podfile.lock",
				"${PODS_ROOT}/Manifest.lock",
			);
			name = "[CP] Check Pods Manifest.lock";
			outputFileListPaths = (
			);
			outputPaths = (
				"$(DERIVED_FILE_DIR)/Pods-MusicUITests-checkManifestLockResult.txt",
			);
			runOnlyForDeploymentPostprocessing = 0;
			shellPath = /bin/sh;
			shellScript = "diff \"${PODS_PODFILE_DIR_PATH}/Podfile.lock\" \"${PODS_ROOT}/Manifest.lock\" > /dev/null\nif [ $? != 0 ] ; then\n    # print error to STDERR\n    echo \"error: The sandbox is not in sync with the Podfile.lock. Run 'pod install' or update your CocoaPods installation.\" >&2\n    exit 1\nfi\n# This output is used by Xcode 'outputs' to avoid re-running this script phase.\necho \"SUCCESS\" > \"${SCRIPT_OUTPUT_FILE_0}\"\n";
			showEnvVarsInLog = 0;
		};
		C4ABF8D95888B459155D367A /* [CP] Check Pods Manifest.lock */ = {
			isa = PBXShellScriptBuildPhase;
			buildActionMask = 2147483647;
			files = (
			);
			inputFileListPaths = (
			);
			inputPaths = (
				"${PODS_PODFILE_DIR_PATH}/Podfile.lock",
				"${PODS_ROOT}/Manifest.lock",
			);
			name = "[CP] Check Pods Manifest.lock";
			outputFileListPaths = (
			);
			outputPaths = (
				"$(DERIVED_FILE_DIR)/Pods-Music-checkManifestLockResult.txt",
			);
			runOnlyForDeploymentPostprocessing = 0;
			shellPath = /bin/sh;
			shellScript = "diff \"${PODS_PODFILE_DIR_PATH}/Podfile.lock\" \"${PODS_ROOT}/Manifest.lock\" > /dev/null\nif [ $? != 0 ] ; then\n    # print error to STDERR\n    echo \"error: The sandbox is not in sync with the Podfile.lock. Run 'pod install' or update your CocoaPods installation.\" >&2\n    exit 1\nfi\n# This output is used by Xcode 'outputs' to avoid re-running this script phase.\necho \"SUCCESS\" > \"${SCRIPT_OUTPUT_FILE_0}\"\n";
			showEnvVarsInLog = 0;
		};
		E126ECFF5B088AF4726E22C6 /* [CP] Embed Pods Frameworks */ = {
			isa = PBXShellScriptBuildPhase;
			buildActionMask = 2147483647;
			files = (
			);
			inputFileListPaths = (
			);
			inputPaths = (
				"${SRCROOT}/Pods/Target Support Files/Pods-Music/Pods-Music-frameworks.sh",
				"${BUILT_PRODUCTS_DIR}/Alamofire/Alamofire.framework",
				"${BUILT_PRODUCTS_DIR}/AlamofireObjectMapper/AlamofireObjectMapper.framework",
				"${BUILT_PRODUCTS_DIR}/ObjectMapper/ObjectMapper.framework",
				"${BUILT_PRODUCTS_DIR}/Presentr/Presentr.framework",
			);
			name = "[CP] Embed Pods Frameworks";
			outputFileListPaths = (
			);
			outputPaths = (
				"${TARGET_BUILD_DIR}/${FRAMEWORKS_FOLDER_PATH}/Alamofire.framework",
				"${TARGET_BUILD_DIR}/${FRAMEWORKS_FOLDER_PATH}/AlamofireObjectMapper.framework",
				"${TARGET_BUILD_DIR}/${FRAMEWORKS_FOLDER_PATH}/ObjectMapper.framework",
				"${TARGET_BUILD_DIR}/${FRAMEWORKS_FOLDER_PATH}/Presentr.framework",
			);
			runOnlyForDeploymentPostprocessing = 0;
			shellPath = /bin/sh;
			shellScript = "\"${SRCROOT}/Pods/Target Support Files/Pods-Music/Pods-Music-frameworks.sh\"\n";
			showEnvVarsInLog = 0;
		};
		F93B04C53E5D48C5D0769C1F /* [CP] Check Pods Manifest.lock */ = {
			isa = PBXShellScriptBuildPhase;
			buildActionMask = 2147483647;
			files = (
			);
			inputFileListPaths = (
			);
			inputPaths = (
				"${PODS_PODFILE_DIR_PATH}/Podfile.lock",
				"${PODS_ROOT}/Manifest.lock",
			);
			name = "[CP] Check Pods Manifest.lock";
			outputFileListPaths = (
			);
			outputPaths = (
				"$(DERIVED_FILE_DIR)/Pods-MusicTests-checkManifestLockResult.txt",
			);
			runOnlyForDeploymentPostprocessing = 0;
			shellPath = /bin/sh;
			shellScript = "diff \"${PODS_PODFILE_DIR_PATH}/Podfile.lock\" \"${PODS_ROOT}/Manifest.lock\" > /dev/null\nif [ $? != 0 ] ; then\n    # print error to STDERR\n    echo \"error: The sandbox is not in sync with the Podfile.lock. Run 'pod install' or update your CocoaPods installation.\" >&2\n    exit 1\nfi\n# This output is used by Xcode 'outputs' to avoid re-running this script phase.\necho \"SUCCESS\" > \"${SCRIPT_OUTPUT_FILE_0}\"\n";
			showEnvVarsInLog = 0;
		};
/* End PBXShellScriptBuildPhase section */

/* Begin PBXSourcesBuildPhase section */
		84BBDCF8221C376400ACE3C6 /* Sources */ = {
			isa = PBXSourcesBuildPhase;
			buildActionMask = 2147483647;
			files = (
				8427575E221F15BE00716AB0 /* TrackFavoriteTableViewCell.swift in Sources */,
				84BBDD35221C424800ACE3C6 /* Browser.swift in Sources */,
				84BBDD39221C47CA00ACE3C6 /* InformationTracks.swift in Sources */,
				84BBDD42221C91D900ACE3C6 /* TopMusicCollectionViewCell.swift in Sources */,
				84BBDD33221C423D00ACE3C6 /* Player.swift in Sources */,
				84BBDD31221C422E00ACE3C6 /* Favorite.swift in Sources */,
				84275757221F0CC800716AB0 /* extensionUIView.swift in Sources */,
				84275752221E93AE00716AB0 /* DetailArtist.swift in Sources */,
				84275759221F0D5A00716AB0 /* UCBaseViewController.swift in Sources */,
				84BBDD02221C376400ACE3C6 /* Home.swift in Sources */,
				84BBDD40221C77D400ACE3C6 /* TopArtistCollectionViewCell.swift in Sources */,
				8427575B221F0D7600716AB0 /* UIView+Borders.swift in Sources */,
				84BBDD00221C376400ACE3C6 /* AppDelegate.swift in Sources */,
				84BBDD3C221C4D2900ACE3C6 /* API.swift in Sources */,
				84BBDD3E221C5B5D00ACE3C6 /* GenreCollectionViewCell.swift in Sources */,
				84BBDD37221C425200ACE3C6 /* Playlist.swift in Sources */,
				844B7BD7221CC12500205A6B /* TracksGenreTableViewCell.swift in Sources */,
				844B7BD9221CC22200205A6B /* ListTrackByGenre.swift in Sources */,
			);
			runOnlyForDeploymentPostprocessing = 0;
		};
		84BBDD0C221C376500ACE3C6 /* Sources */ = {
			isa = PBXSourcesBuildPhase;
			buildActionMask = 2147483647;
			files = (
				84BBDD15221C376500ACE3C6 /* MusicTests.swift in Sources */,
			);
			runOnlyForDeploymentPostprocessing = 0;
		};
		84BBDD17221C376500ACE3C6 /* Sources */ = {
			isa = PBXSourcesBuildPhase;
			buildActionMask = 2147483647;
			files = (
				84BBDD20221C376500ACE3C6 /* MusicUITests.swift in Sources */,
			);
			runOnlyForDeploymentPostprocessing = 0;
		};
/* End PBXSourcesBuildPhase section */

/* Begin PBXTargetDependency section */
		84BBDD12221C376500ACE3C6 /* PBXTargetDependency */ = {
			isa = PBXTargetDependency;
			target = 84BBDCFB221C376400ACE3C6 /* Music */;
			targetProxy = 84BBDD11221C376500ACE3C6 /* PBXContainerItemProxy */;
		};
		84BBDD1D221C376500ACE3C6 /* PBXTargetDependency */ = {
			isa = PBXTargetDependency;
			target = 84BBDCFB221C376400ACE3C6 /* Music */;
			targetProxy = 84BBDD1C221C376500ACE3C6 /* PBXContainerItemProxy */;
		};
/* End PBXTargetDependency section */

/* Begin PBXVariantGroup section */
		84BBDD03221C376400ACE3C6 /* Main.storyboard */ = {
			isa = PBXVariantGroup;
			children = (
				84BBDD04221C376400ACE3C6 /* Base */,
			);
			name = Main.storyboard;
			sourceTree = "<group>";
		};
		84BBDD08221C376500ACE3C6 /* LaunchScreen.storyboard */ = {
			isa = PBXVariantGroup;
			children = (
				84BBDD09221C376500ACE3C6 /* Base */,
			);
			name = LaunchScreen.storyboard;
			sourceTree = "<group>";
		};
/* End PBXVariantGroup section */

/* Begin XCBuildConfiguration section */
		84BBDD22221C376500ACE3C6 /* Debug */ = {
			isa = XCBuildConfiguration;
			buildSettings = {
				ALWAYS_SEARCH_USER_PATHS = NO;
				CLANG_ANALYZER_NONNULL = YES;
				CLANG_ANALYZER_NUMBER_OBJECT_CONVERSION = YES_AGGRESSIVE;
				CLANG_CXX_LANGUAGE_STANDARD = "gnu++14";
				CLANG_CXX_LIBRARY = "libc++";
				CLANG_ENABLE_MODULES = YES;
				CLANG_ENABLE_OBJC_ARC = YES;
				CLANG_ENABLE_OBJC_WEAK = YES;
				CLANG_WARN_BLOCK_CAPTURE_AUTORELEASING = YES;
				CLANG_WARN_BOOL_CONVERSION = YES;
				CLANG_WARN_COMMA = YES;
				CLANG_WARN_CONSTANT_CONVERSION = YES;
				CLANG_WARN_DEPRECATED_OBJC_IMPLEMENTATIONS = YES;
				CLANG_WARN_DIRECT_OBJC_ISA_USAGE = YES_ERROR;
				CLANG_WARN_DOCUMENTATION_COMMENTS = YES;
				CLANG_WARN_EMPTY_BODY = YES;
				CLANG_WARN_ENUM_CONVERSION = YES;
				CLANG_WARN_INFINITE_RECURSION = YES;
				CLANG_WARN_INT_CONVERSION = YES;
				CLANG_WARN_NON_LITERAL_NULL_CONVERSION = YES;
				CLANG_WARN_OBJC_IMPLICIT_RETAIN_SELF = YES;
				CLANG_WARN_OBJC_LITERAL_CONVERSION = YES;
				CLANG_WARN_OBJC_ROOT_CLASS = YES_ERROR;
				CLANG_WARN_RANGE_LOOP_ANALYSIS = YES;
				CLANG_WARN_STRICT_PROTOTYPES = YES;
				CLANG_WARN_SUSPICIOUS_MOVE = YES;
				CLANG_WARN_UNGUARDED_AVAILABILITY = YES_AGGRESSIVE;
				CLANG_WARN_UNREACHABLE_CODE = YES;
				CLANG_WARN__DUPLICATE_METHOD_MATCH = YES;
				CODE_SIGN_IDENTITY = "iPhone Developer";
				COPY_PHASE_STRIP = NO;
				DEBUG_INFORMATION_FORMAT = dwarf;
				ENABLE_STRICT_OBJC_MSGSEND = YES;
				ENABLE_TESTABILITY = YES;
				GCC_C_LANGUAGE_STANDARD = gnu11;
				GCC_DYNAMIC_NO_PIC = NO;
				GCC_NO_COMMON_BLOCKS = YES;
				GCC_OPTIMIZATION_LEVEL = 0;
				GCC_PREPROCESSOR_DEFINITIONS = (
					"DEBUG=1",
					"$(inherited)",
				);
				GCC_WARN_64_TO_32_BIT_CONVERSION = YES;
				GCC_WARN_ABOUT_RETURN_TYPE = YES_ERROR;
				GCC_WARN_UNDECLARED_SELECTOR = YES;
				GCC_WARN_UNINITIALIZED_AUTOS = YES_AGGRESSIVE;
				GCC_WARN_UNUSED_FUNCTION = YES;
				GCC_WARN_UNUSED_VARIABLE = YES;
				IPHONEOS_DEPLOYMENT_TARGET = 12.1;
				MTL_ENABLE_DEBUG_INFO = INCLUDE_SOURCE;
				MTL_FAST_MATH = YES;
				ONLY_ACTIVE_ARCH = YES;
				SDKROOT = iphoneos;
				SWIFT_ACTIVE_COMPILATION_CONDITIONS = DEBUG;
				SWIFT_OPTIMIZATION_LEVEL = "-Onone";
			};
			name = Debug;
		};
		84BBDD23221C376500ACE3C6 /* Release */ = {
			isa = XCBuildConfiguration;
			buildSettings = {
				ALWAYS_SEARCH_USER_PATHS = NO;
				CLANG_ANALYZER_NONNULL = YES;
				CLANG_ANALYZER_NUMBER_OBJECT_CONVERSION = YES_AGGRESSIVE;
				CLANG_CXX_LANGUAGE_STANDARD = "gnu++14";
				CLANG_CXX_LIBRARY = "libc++";
				CLANG_ENABLE_MODULES = YES;
				CLANG_ENABLE_OBJC_ARC = YES;
				CLANG_ENABLE_OBJC_WEAK = YES;
				CLANG_WARN_BLOCK_CAPTURE_AUTORELEASING = YES;
				CLANG_WARN_BOOL_CONVERSION = YES;
				CLANG_WARN_COMMA = YES;
				CLANG_WARN_CONSTANT_CONVERSION = YES;
				CLANG_WARN_DEPRECATED_OBJC_IMPLEMENTATIONS = YES;
				CLANG_WARN_DIRECT_OBJC_ISA_USAGE = YES_ERROR;
				CLANG_WARN_DOCUMENTATION_COMMENTS = YES;
				CLANG_WARN_EMPTY_BODY = YES;
				CLANG_WARN_ENUM_CONVERSION = YES;
				CLANG_WARN_INFINITE_RECURSION = YES;
				CLANG_WARN_INT_CONVERSION = YES;
				CLANG_WARN_NON_LITERAL_NULL_CONVERSION = YES;
				CLANG_WARN_OBJC_IMPLICIT_RETAIN_SELF = YES;
				CLANG_WARN_OBJC_LITERAL_CONVERSION = YES;
				CLANG_WARN_OBJC_ROOT_CLASS = YES_ERROR;
				CLANG_WARN_RANGE_LOOP_ANALYSIS = YES;
				CLANG_WARN_STRICT_PROTOTYPES = YES;
				CLANG_WARN_SUSPICIOUS_MOVE = YES;
				CLANG_WARN_UNGUARDED_AVAILABILITY = YES_AGGRESSIVE;
				CLANG_WARN_UNREACHABLE_CODE = YES;
				CLANG_WARN__DUPLICATE_METHOD_MATCH = YES;
				CODE_SIGN_IDENTITY = "iPhone Developer";
				COPY_PHASE_STRIP = NO;
				DEBUG_INFORMATION_FORMAT = "dwarf-with-dsym";
				ENABLE_NS_ASSERTIONS = NO;
				ENABLE_STRICT_OBJC_MSGSEND = YES;
				GCC_C_LANGUAGE_STANDARD = gnu11;
				GCC_NO_COMMON_BLOCKS = YES;
				GCC_WARN_64_TO_32_BIT_CONVERSION = YES;
				GCC_WARN_ABOUT_RETURN_TYPE = YES_ERROR;
				GCC_WARN_UNDECLARED_SELECTOR = YES;
				GCC_WARN_UNINITIALIZED_AUTOS = YES_AGGRESSIVE;
				GCC_WARN_UNUSED_FUNCTION = YES;
				GCC_WARN_UNUSED_VARIABLE = YES;
				IPHONEOS_DEPLOYMENT_TARGET = 12.1;
				MTL_ENABLE_DEBUG_INFO = NO;
				MTL_FAST_MATH = YES;
				SDKROOT = iphoneos;
				SWIFT_COMPILATION_MODE = wholemodule;
				SWIFT_OPTIMIZATION_LEVEL = "-O";
				VALIDATE_PRODUCT = YES;
			};
			name = Release;
		};
		84BBDD25221C376500ACE3C6 /* Debug */ = {
			isa = XCBuildConfiguration;
			baseConfigurationReference = 9E443307990986626D9CCAAC /* Pods-Music.debug.xcconfig */;
			buildSettings = {
				ASSETCATALOG_COMPILER_APPICON_NAME = AppIcon;
				CODE_SIGN_STYLE = Automatic;
				DEVELOPMENT_TEAM = XUXX75785S;
				INFOPLIST_FILE = Music/Info.plist;
				IPHONEOS_DEPLOYMENT_TARGET = 10.0;
				LD_RUNPATH_SEARCH_PATHS = (
					"$(inherited)",
					"@executable_path/Frameworks",
				);
				PRODUCT_BUNDLE_IDENTIFIER = LeChinhDev.Music;
				PRODUCT_NAME = "$(TARGET_NAME)";
				SWIFT_VERSION = 4.2;
				TARGETED_DEVICE_FAMILY = "1,2";
			};
			name = Debug;
		};
		84BBDD26221C376500ACE3C6 /* Release */ = {
			isa = XCBuildConfiguration;
			baseConfigurationReference = F769316A72F54DADA2D5CD70 /* Pods-Music.release.xcconfig */;
			buildSettings = {
				ASSETCATALOG_COMPILER_APPICON_NAME = AppIcon;
				CODE_SIGN_STYLE = Automatic;
				DEVELOPMENT_TEAM = XUXX75785S;
				INFOPLIST_FILE = Music/Info.plist;
				IPHONEOS_DEPLOYMENT_TARGET = 10.0;
				LD_RUNPATH_SEARCH_PATHS = (
					"$(inherited)",
					"@executable_path/Frameworks",
				);
				PRODUCT_BUNDLE_IDENTIFIER = LeChinhDev.Music;
				PRODUCT_NAME = "$(TARGET_NAME)";
				SWIFT_VERSION = 4.2;
				TARGETED_DEVICE_FAMILY = "1,2";
			};
			name = Release;
		};
		84BBDD28221C376500ACE3C6 /* Debug */ = {
			isa = XCBuildConfiguration;
			baseConfigurationReference = 1B100A7EDC09B250F8014343 /* Pods-MusicTests.debug.xcconfig */;
			buildSettings = {
				ALWAYS_EMBED_SWIFT_STANDARD_LIBRARIES = YES;
				BUNDLE_LOADER = "$(TEST_HOST)";
				CODE_SIGN_STYLE = Automatic;
				DEVELOPMENT_TEAM = XUXX75785S;
				INFOPLIST_FILE = MusicTests/Info.plist;
				LD_RUNPATH_SEARCH_PATHS = (
					"$(inherited)",
					"@executable_path/Frameworks",
					"@loader_path/Frameworks",
				);
				PRODUCT_BUNDLE_IDENTIFIER = LeChinhDev.MusicTests;
				PRODUCT_NAME = "$(TARGET_NAME)";
				SWIFT_VERSION = 4.2;
				TARGETED_DEVICE_FAMILY = "1,2";
				TEST_HOST = "$(BUILT_PRODUCTS_DIR)/Music.app/Music";
			};
			name = Debug;
		};
		84BBDD29221C376500ACE3C6 /* Release */ = {
			isa = XCBuildConfiguration;
			baseConfigurationReference = 75E1281C065BF91FBECA6D00 /* Pods-MusicTests.release.xcconfig */;
			buildSettings = {
				ALWAYS_EMBED_SWIFT_STANDARD_LIBRARIES = YES;
				BUNDLE_LOADER = "$(TEST_HOST)";
				CODE_SIGN_STYLE = Automatic;
				DEVELOPMENT_TEAM = XUXX75785S;
				INFOPLIST_FILE = MusicTests/Info.plist;
				LD_RUNPATH_SEARCH_PATHS = (
					"$(inherited)",
					"@executable_path/Frameworks",
					"@loader_path/Frameworks",
				);
				PRODUCT_BUNDLE_IDENTIFIER = LeChinhDev.MusicTests;
				PRODUCT_NAME = "$(TARGET_NAME)";
				SWIFT_VERSION = 4.2;
				TARGETED_DEVICE_FAMILY = "1,2";
				TEST_HOST = "$(BUILT_PRODUCTS_DIR)/Music.app/Music";
			};
			name = Release;
		};
		84BBDD2B221C376500ACE3C6 /* Debug */ = {
			isa = XCBuildConfiguration;
			baseConfigurationReference = 5BF61FBAB71DB73A420626A0 /* Pods-MusicUITests.debug.xcconfig */;
			buildSettings = {
				ALWAYS_EMBED_SWIFT_STANDARD_LIBRARIES = YES;
				CODE_SIGN_STYLE = Automatic;
				DEVELOPMENT_TEAM = XUXX75785S;
				INFOPLIST_FILE = MusicUITests/Info.plist;
				LD_RUNPATH_SEARCH_PATHS = (
					"$(inherited)",
					"@executable_path/Frameworks",
					"@loader_path/Frameworks",
				);
				PRODUCT_BUNDLE_IDENTIFIER = LeChinhDev.MusicUITests;
				PRODUCT_NAME = "$(TARGET_NAME)";
				SWIFT_VERSION = 4.2;
				TARGETED_DEVICE_FAMILY = "1,2";
				TEST_TARGET_NAME = Music;
			};
			name = Debug;
		};
		84BBDD2C221C376500ACE3C6 /* Release */ = {
			isa = XCBuildConfiguration;
			baseConfigurationReference = CE2F26E4F64C66452C7E9FD0 /* Pods-MusicUITests.release.xcconfig */;
			buildSettings = {
				ALWAYS_EMBED_SWIFT_STANDARD_LIBRARIES = YES;
				CODE_SIGN_STYLE = Automatic;
				DEVELOPMENT_TEAM = XUXX75785S;
				INFOPLIST_FILE = MusicUITests/Info.plist;
				LD_RUNPATH_SEARCH_PATHS = (
					"$(inherited)",
					"@executable_path/Frameworks",
					"@loader_path/Frameworks",
				);
				PRODUCT_BUNDLE_IDENTIFIER = LeChinhDev.MusicUITests;
				PRODUCT_NAME = "$(TARGET_NAME)";
				SWIFT_VERSION = 4.2;
				TARGETED_DEVICE_FAMILY = "1,2";
				TEST_TARGET_NAME = Music;
			};
			name = Release;
		};
/* End XCBuildConfiguration section */

/* Begin XCConfigurationList section */
		84BBDCF7221C376400ACE3C6 /* Build configuration list for PBXProject "Music" */ = {
			isa = XCConfigurationList;
			buildConfigurations = (
				84BBDD22221C376500ACE3C6 /* Debug */,
				84BBDD23221C376500ACE3C6 /* Release */,
			);
			defaultConfigurationIsVisible = 0;
			defaultConfigurationName = Release;
		};
		84BBDD24221C376500ACE3C6 /* Build configuration list for PBXNativeTarget "Music" */ = {
			isa = XCConfigurationList;
			buildConfigurations = (
				84BBDD25221C376500ACE3C6 /* Debug */,
				84BBDD26221C376500ACE3C6 /* Release */,
			);
			defaultConfigurationIsVisible = 0;
			defaultConfigurationName = Release;
		};
		84BBDD27221C376500ACE3C6 /* Build configuration list for PBXNativeTarget "MusicTests" */ = {
			isa = XCConfigurationList;
			buildConfigurations = (
				84BBDD28221C376500ACE3C6 /* Debug */,
				84BBDD29221C376500ACE3C6 /* Release */,
			);
			defaultConfigurationIsVisible = 0;
			defaultConfigurationName = Release;
		};
		84BBDD2A221C376500ACE3C6 /* Build configuration list for PBXNativeTarget "MusicUITests" */ = {
			isa = XCConfigurationList;
			buildConfigurations = (
				84BBDD2B221C376500ACE3C6 /* Debug */,
				84BBDD2C221C376500ACE3C6 /* Release */,
			);
			defaultConfigurationIsVisible = 0;
			defaultConfigurationName = Release;
		};
/* End XCConfigurationList section */
	};
	rootObject = 84BBDCF4221C376400ACE3C6 /* Project object */;
}
