// !$*UTF8*$!
{
	archiveVersion = 1;
	classes = {
	};
	objectVersion = 50;
	objects = {

/* Begin PBXBuildFile section */
		84BBDD00221C376400ACE3C6 /* AppDelegate.swift in Sources */ = {isa = PBXBuildFile; fileRef = 84BBDCFF221C376400ACE3C6 /* AppDelegate.swift */; };
		84BBDD02221C376400ACE3C6 /* Home.swift in Sources */ = {isa = PBXBuildFile; fileRef = 84BBDD01221C376400ACE3C6 /* Home.swift */; };
		84BBDD05221C376400ACE3C6 /* Main.storyboard in Resources */ = {isa = PBXBuildFile; fileRef = 84BBDD03221C376400ACE3C6 /* Main.storyboard */; };
		84BBDD07221C376500ACE3C6 /* Assets.xcassets in Resources */ = {isa = PBXBuildFile; fileRef = 84BBDD06221C376500ACE3C6 /* Assets.xcassets */; };
		84BBDD0A221C376500ACE3C6 /* LaunchScreen.storyboard in Resources */ = {isa = PBXBuildFile; fileRef = 84BBDD08221C376500ACE3C6 /* LaunchScreen.storyboard */; };
		84BBDD15221C376500ACE3C6 /* MusicTests.swift in Sources */ = {isa = PBXBuildFile; fileRef = 84BBDD14221C376500ACE3C6 /* MusicTests.swift */; };
		84BBDD20221C376500ACE3C6 /* MusicUITests.swift in Sources */ = {isa = PBXBuildFile; fileRef = 84BBDD1F221C376500ACE3C6 /* MusicUITests.swift */; };
		84BBDD31221C422E00ACE3C6 /* Favorite.swift in Sources */ = {isa = PBXBuildFile; fileRef = 84BBDD30221C422E00ACE3C6 /* Favorite.swift */; };
		84BBDD33221C423D00ACE3C6 /* Player.swift in Sources */ = {isa = PBXBuildFile; fileRef = 84BBDD32221C423D00ACE3C6 /* Player.swift */; };
		84BBDD35221C424800ACE3C6 /* Browser.swift in Sources */ = {isa = PBXBuildFile; fileRef = 84BBDD34221C424800ACE3C6 /* Browser.swift */; };
		84BBDD37221C425200ACE3C6 /* Playlist.swift in Sources */ = {isa = PBXBuildFile; fileRef = 84BBDD36221C425200ACE3C6 /* Playlist.swift */; };
/* End PBXBuildFile section */

/* Begin PBXContainerItemProxy section */
		84BBDD11221C376500ACE3C6 /* PBXContainerItemProxy */ = {
			isa = PBXContainerItemProxy;
			containerPortal = 84BBDCF4221C376400ACE3C6 /* Project object */;
			proxyType = 1;
			remoteGlobalIDString = 84BBDCFB221C376400ACE3C6;
			remoteInfo = Music;
		};
		84BBDD1C221C376500ACE3C6 /* PBXContainerItemProxy */ = {
			isa = PBXContainerItemProxy;
			containerPortal = 84BBDCF4221C376400ACE3C6 /* Project object */;
			proxyType = 1;
			remoteGlobalIDString = 84BBDCFB221C376400ACE3C6;
			remoteInfo = Music;
		};
/* End PBXContainerItemProxy section */

/* Begin PBXFileReference section */
		84BBDCFC221C376400ACE3C6 /* Music.app */ = {isa = PBXFileReference; explicitFileType = wrapper.application; includeInIndex = 0; path = Music.app; sourceTree = BUILT_PRODUCTS_DIR; };
		84BBDCFF221C376400ACE3C6 /* AppDelegate.swift */ = {isa = PBXFileReference; lastKnownFileType = sourcecode.swift; path = AppDelegate.swift; sourceTree = "<group>"; };
		84BBDD01221C376400ACE3C6 /* Home.swift */ = {isa = PBXFileReference; lastKnownFileType = sourcecode.swift; path = Home.swift; sourceTree = "<group>"; };
		84BBDD04221C376400ACE3C6 /* Base */ = {isa = PBXFileReference; lastKnownFileType = file.storyboard; name = Base; path = Base.lproj/Main.storyboard; sourceTree = "<group>"; };
		84BBDD06221C376500ACE3C6 /* Assets.xcassets */ = {isa = PBXFileReference; lastKnownFileType = folder.assetcatalog; path = Assets.xcassets; sourceTree = "<group>"; };
		84BBDD09221C376500ACE3C6 /* Base */ = {isa = PBXFileReference; lastKnownFileType = file.storyboard; name = Base; path = Base.lproj/LaunchScreen.storyboard; sourceTree = "<group>"; };
		84BBDD0B221C376500ACE3C6 /* Info.plist */ = {isa = PBXFileReference; lastKnownFileType = text.plist.xml; path = Info.plist; sourceTree = "<group>"; };
		84BBDD10221C376500ACE3C6 /* MusicTests.xctest */ = {isa = PBXFileReference; explicitFileType = wrapper.cfbundle; includeInIndex = 0; path = MusicTests.xctest; sourceTree = BUILT_PRODUCTS_DIR; };
		84BBDD14221C376500ACE3C6 /* MusicTests.swift */ = {isa = PBXFileReference; lastKnownFileType = sourcecode.swift; path = MusicTests.swift; sourceTree = "<group>"; };
		84BBDD16221C376500ACE3C6 /* Info.plist */ = {isa = PBXFileReference; lastKnownFileType = text.plist.xml; path = Info.plist; sourceTree = "<group>"; };
		84BBDD1B221C376500ACE3C6 /* MusicUITests.xctest */ = {isa = PBXFileReference; explicitFileType = wrapper.cfbundle; includeInIndex = 0; path = MusicUITests.xctest; sourceTree = BUILT_PRODUCTS_DIR; };
		84BBDD1F221C376500ACE3C6 /* MusicUITests.swift */ = {isa = PBXFileReference; lastKnownFileType = sourcecode.swift; path = MusicUITests.swift; sourceTree = "<group>"; };
		84BBDD21221C376500ACE3C6 /* Info.plist */ = {isa = PBXFileReference; lastKnownFileType = text.plist.xml; path = Info.plist; sourceTree = "<group>"; };
		84BBDD30221C422E00ACE3C6 /* Favorite.swift */ = {isa = PBXFileReference; lastKnownFileType = sourcecode.swift; path = Favorite.swift; sourceTree = "<group>"; };
		84BBDD32221C423D00ACE3C6 /* Player.swift */ = {isa = PBXFileReference; lastKnownFileType = sourcecode.swift; path = Player.swift; sourceTree = "<group>"; };
		84BBDD34221C424800ACE3C6 /* Browser.swift */ = {isa = PBXFileReference; lastKnownFileType = sourcecode.swift; path = Browser.swift; sourceTree = "<group>"; };
		84BBDD36221C425200ACE3C6 /* Playlist.swift */ = {isa = PBXFileReference; lastKnownFileType = sourcecode.swift; path = Playlist.swift; sourceTree = "<group>"; };
/* End PBXFileReference section */

/* Begin PBXFrameworksBuildPhase section */
		84BBDCF9221C376400ACE3C6 /* Frameworks */ = {
			isa = PBXFrameworksBuildPhase;
			buildActionMask = 2147483647;
			files = (
			);
			runOnlyForDeploymentPostprocessing = 0;
		};
		84BBDD0D221C376500ACE3C6 /* Frameworks */ = {
			isa = PBXFrameworksBuildPhase;
			buildActionMask = 2147483647;
			files = (
			);
			runOnlyForDeploymentPostprocessing = 0;
		};
		84BBDD18221C376500ACE3C6 /* Frameworks */ = {
			isa = PBXFrameworksBuildPhase;
			buildActionMask = 2147483647;
			files = (
			);
			runOnlyForDeploymentPostprocessing = 0;
		};
/* End PBXFrameworksBuildPhase section */

/* Begin PBXGroup section */
		84BBDCF3221C376400ACE3C6 = {
			isa = PBXGroup;
			children = (
				84BBDCFE221C376400ACE3C6 /* Music */,
				84BBDD13221C376500ACE3C6 /* MusicTests */,
				84BBDD1E221C376500ACE3C6 /* MusicUITests */,
				84BBDCFD221C376400ACE3C6 /* Products */,
			);
			sourceTree = "<group>";
		};
		84BBDCFD221C376400ACE3C6 /* Products */ = {
			isa = PBXGroup;
			children = (
				84BBDCFC221C376400ACE3C6 /* Music.app */,
				84BBDD10221C376500ACE3C6 /* MusicTests.xctest */,
				84BBDD1B221C376500ACE3C6 /* MusicUITests.xctest */,
			);
			name = Products;
			sourceTree = "<group>";
		};
		84BBDCFE221C376400ACE3C6 /* Music */ = {
			isa = PBXGroup;
			children = (
				84BBDD2E221C383000ACE3C6 /* Model */,
				84BBDD2F221C383500ACE3C6 /* Views */,
				84BBDD2D221C382800ACE3C6 /* Controller */,
				84BBDCFF221C376400ACE3C6 /* AppDelegate.swift */,
				84BBDD06221C376500ACE3C6 /* Assets.xcassets */,
				84BBDD08221C376500ACE3C6 /* LaunchScreen.storyboard */,
				84BBDD0B221C376500ACE3C6 /* Info.plist */,
			);
			path = Music;
			sourceTree = "<group>";
		};
		84BBDD13221C376500ACE3C6 /* MusicTests */ = {
			isa = PBXGroup;
			children = (
				84BBDD14221C376500ACE3C6 /* MusicTests.swift */,
				84BBDD16221C376500ACE3C6 /* Info.plist */,
			);
			path = MusicTests;
			sourceTree = "<group>";
		};
		84BBDD1E221C376500ACE3C6 /* MusicUITests */ = {
			isa = PBXGroup;
			children = (
				84BBDD1F221C376500ACE3C6 /* MusicUITests.swift */,
				84BBDD21221C376500ACE3C6 /* Info.plist */,
			);
			path = MusicUITests;
			sourceTree = "<group>";
		};
		84BBDD2D221C382800ACE3C6 /* Controller */ = {
			isa = PBXGroup;
			children = (
				84BBDD01221C376400ACE3C6 /* Home.swift */,
				84BBDD30221C422E00ACE3C6 /* Favorite.swift */,
				84BBDD32221C423D00ACE3C6 /* Player.swift */,
				84BBDD34221C424800ACE3C6 /* Browser.swift */,
				84BBDD36221C425200ACE3C6 /* Playlist.swift */,
			);
			path = Controller;
			sourceTree = "<group>";
		};
		84BBDD2E221C383000ACE3C6 /* Model */ = {
			isa = PBXGroup;
			children = (
			);
			path = Model;
			sourceTree = "<group>";
		};
		84BBDD2F221C383500ACE3C6 /* Views */ = {
			isa = PBXGroup;
			children = (
				84BBDD03221C376400ACE3C6 /* Main.storyboard */,
			);
			path = Views;
			sourceTree = "<group>";
		};
/* End PBXGroup section */

/* Begin PBXNativeTarget section */
		84BBDCFB221C376400ACE3C6 /* Music */ = {
			isa = PBXNativeTarget;
			buildConfigurationList = 84BBDD24221C376500ACE3C6 /* Build configuration list for PBXNativeTarget "Music" */;
			buildPhases = (
				84BBDCF8221C376400ACE3C6 /* Sources */,
				84BBDCF9221C376400ACE3C6 /* Frameworks */,
				84BBDCFA221C376400ACE3C6 /* Resources */,
			);
			buildRules = (
			);
			dependencies = (
			);
			name = Music;
			productName = Music;
			productReference = 84BBDCFC221C376400ACE3C6 /* Music.app */;
			productType = "com.apple.product-type.application";
		};
		84BBDD0F221C376500ACE3C6 /* MusicTests */ = {
			isa = PBXNativeTarget;
			buildConfigurationList = 84BBDD27221C376500ACE3C6 /* Build configuration list for PBXNativeTarget "MusicTests" */;
			buildPhases = (
				84BBDD0C221C376500ACE3C6 /* Sources */,
				84BBDD0D221C376500ACE3C6 /* Frameworks */,
				84BBDD0E221C376500ACE3C6 /* Resources */,
			);
			buildRules = (
			);
			dependencies = (
				84BBDD12221C376500ACE3C6 /* PBXTargetDependency */,
			);
			name = MusicTests;
			productName = MusicTests;
			productReference = 84BBDD10221C376500ACE3C6 /* MusicTests.xctest */;
			productType = "com.apple.product-type.bundle.unit-test";
		};
		84BBDD1A221C376500ACE3C6 /* MusicUITests */ = {
			isa = PBXNativeTarget;
			buildConfigurationList = 84BBDD2A221C376500ACE3C6 /* Build configuration list for PBXNativeTarget "MusicUITests" */;
			buildPhases = (
				84BBDD17221C376500ACE3C6 /* Sources */,
				84BBDD18221C376500ACE3C6 /* Frameworks */,
				84BBDD19221C376500ACE3C6 /* Resources */,
			);
			buildRules = (
			);
			dependencies = (
				84BBDD1D221C376500ACE3C6 /* PBXTargetDependency */,
			);
			name = MusicUITests;
			productName = MusicUITests;
			productReference = 84BBDD1B221C376500ACE3C6 /* MusicUITests.xctest */;
			productType = "com.apple.product-type.bundle.ui-testing";
		};
/* End PBXNativeTarget section */

/* Begin PBXProject section */
		84BBDCF4221C376400ACE3C6 /* Project object */ = {
			isa = PBXProject;
			attributes = {
				LastSwiftUpdateCheck = 1010;
				LastUpgradeCheck = 1010;
				ORGANIZATIONNAME = Admin;
				TargetAttributes = {
					84BBDCFB221C376400ACE3C6 = {
						CreatedOnToolsVersion = 10.1;
					};
					84BBDD0F221C376500ACE3C6 = {
						CreatedOnToolsVersion = 10.1;
						TestTargetID = 84BBDCFB221C376400ACE3C6;
					};
					84BBDD1A221C376500ACE3C6 = {
						CreatedOnToolsVersion = 10.1;
						TestTargetID = 84BBDCFB221C376400ACE3C6;
					};
				};
			};
			buildConfigurationList = 84BBDCF7221C376400ACE3C6 /* Build configuration list for PBXProject "Music" */;
			compatibilityVersion = "Xcode 9.3";
			developmentRegion = en;
			hasScannedForEncodings = 0;
			knownRegions = (
				en,
				Base,
			);
			mainGroup = 84BBDCF3221C376400ACE3C6;
			productRefGroup = 84BBDCFD221C376400ACE3C6 /* Products */;
			projectDirPath = "";
			projectRoot = "";
			targets = (
				84BBDCFB221C376400ACE3C6 /* Music */,
				84BBDD0F221C376500ACE3C6 /* MusicTests */,
				84BBDD1A221C376500ACE3C6 /* MusicUITests */,
			);
		};
/* End PBXProject section */

/* Begin PBXResourcesBuildPhase section */
		84BBDCFA221C376400ACE3C6 /* Resources */ = {
			isa = PBXResourcesBuildPhase;
			buildActionMask = 2147483647;
			files = (
				84BBDD0A221C376500ACE3C6 /* LaunchScreen.storyboard in Resources */,
				84BBDD07221C376500ACE3C6 /* Assets.xcassets in Resources */,
				84BBDD05221C376400ACE3C6 /* Main.storyboard in Resources */,
			);
			runOnlyForDeploymentPostprocessing = 0;
		};
		84BBDD0E221C376500ACE3C6 /* Resources */ = {
			isa = PBXResourcesBuildPhase;
			buildActionMask = 2147483647;
			files = (
			);
			runOnlyForDeploymentPostprocessing = 0;
		};
		84BBDD19221C376500ACE3C6 /* Resources */ = {
			isa = PBXResourcesBuildPhase;
			buildActionMask = 2147483647;
			files = (
			);
			runOnlyForDeploymentPostprocessing = 0;
		};
/* End PBXResourcesBuildPhase section */

/* Begin PBXSourcesBuildPhase section */
		84BBDCF8221C376400ACE3C6 /* Sources */ = {
			isa = PBXSourcesBuildPhase;
			buildActionMask = 2147483647;
			files = (
				84BBDD35221C424800ACE3C6 /* Browser.swift in Sources */,
				84BBDD33221C423D00ACE3C6 /* Player.swift in Sources */,
				84BBDD31221C422E00ACE3C6 /* Favorite.swift in Sources */,
				84BBDD02221C376400ACE3C6 /* Home.swift in Sources */,
				84BBDD00221C376400ACE3C6 /* AppDelegate.swift in Sources */,
				84BBDD37221C425200ACE3C6 /* Playlist.swift in Sources */,
			);
			runOnlyForDeploymentPostprocessing = 0;
		};
		84BBDD0C221C376500ACE3C6 /* Sources */ = {
			isa = PBXSourcesBuildPhase;
			buildActionMask = 2147483647;
			files = (
				84BBDD15221C376500ACE3C6 /* MusicTests.swift in Sources */,
			);
			runOnlyForDeploymentPostprocessing = 0;
		};
		84BBDD17221C376500ACE3C6 /* Sources */ = {
			isa = PBXSourcesBuildPhase;
			buildActionMask = 2147483647;
			files = (
				84BBDD20221C376500ACE3C6 /* MusicUITests.swift in Sources */,
			);
			runOnlyForDeploymentPostprocessing = 0;
		};
/* End PBXSourcesBuildPhase section */

/* Begin PBXTargetDependency section */
		84BBDD12221C376500ACE3C6 /* PBXTargetDependency */ = {
			isa = PBXTargetDependency;
			target = 84BBDCFB221C376400ACE3C6 /* Music */;
			targetProxy = 84BBDD11221C376500ACE3C6 /* PBXContainerItemProxy */;
		};
		84BBDD1D221C376500ACE3C6 /* PBXTargetDependency */ = {
			isa = PBXTargetDependency;
			target = 84BBDCFB221C376400ACE3C6 /* Music */;
			targetProxy = 84BBDD1C221C376500ACE3C6 /* PBXContainerItemProxy */;
		};
/* End PBXTargetDependency section */

/* Begin PBXVariantGroup section */
		84BBDD03221C376400ACE3C6 /* Main.storyboard */ = {
			isa = PBXVariantGroup;
			children = (
				84BBDD04221C376400ACE3C6 /* Base */,
			);
			name = Main.storyboard;
			sourceTree = "<group>";
		};
		84BBDD08221C376500ACE3C6 /* LaunchScreen.storyboard */ = {
			isa = PBXVariantGroup;
			children = (
				84BBDD09221C376500ACE3C6 /* Base */,
			);
			name = LaunchScreen.storyboard;
			sourceTree = "<group>";
		};
/* End PBXVariantGroup section */

/* Begin XCBuildConfiguration section */
		84BBDD22221C376500ACE3C6 /* Debug */ = {
			isa = XCBuildConfiguration;
			buildSettings = {
				ALWAYS_SEARCH_USER_PATHS = NO;
				CLANG_ANALYZER_NONNULL = YES;
				CLANG_ANALYZER_NUMBER_OBJECT_CONVERSION = YES_AGGRESSIVE;
				CLANG_CXX_LANGUAGE_STANDARD = "gnu++14";
				CLANG_CXX_LIBRARY = "libc++";
				CLANG_ENABLE_MODULES = YES;
				CLANG_ENABLE_OBJC_ARC = YES;
				CLANG_ENABLE_OBJC_WEAK = YES;
				CLANG_WARN_BLOCK_CAPTURE_AUTORELEASING = YES;
				CLANG_WARN_BOOL_CONVERSION = YES;
				CLANG_WARN_COMMA = YES;
				CLANG_WARN_CONSTANT_CONVERSION = YES;
				CLANG_WARN_DEPRECATED_OBJC_IMPLEMENTATIONS = YES;
				CLANG_WARN_DIRECT_OBJC_ISA_USAGE = YES_ERROR;
				CLANG_WARN_DOCUMENTATION_COMMENTS = YES;
				CLANG_WARN_EMPTY_BODY = YES;
				CLANG_WARN_ENUM_CONVERSION = YES;
				CLANG_WARN_INFINITE_RECURSION = YES;
				CLANG_WARN_INT_CONVERSION = YES;
				CLANG_WARN_NON_LITERAL_NULL_CONVERSION = YES;
				CLANG_WARN_OBJC_IMPLICIT_RETAIN_SELF = YES;
				CLANG_WARN_OBJC_LITERAL_CONVERSION = YES;
				CLANG_WARN_OBJC_ROOT_CLASS = YES_ERROR;
				CLANG_WARN_RANGE_LOOP_ANALYSIS = YES;
				CLANG_WARN_STRICT_PROTOTYPES = YES;
				CLANG_WARN_SUSPICIOUS_MOVE = YES;
				CLANG_WARN_UNGUARDED_AVAILABILITY = YES_AGGRESSIVE;
				CLANG_WARN_UNREACHABLE_CODE = YES;
				CLANG_WARN__DUPLICATE_METHOD_MATCH = YES;
				CODE_SIGN_IDENTITY = "iPhone Developer";
				COPY_PHASE_STRIP = NO;
				DEBUG_INFORMATION_FORMAT = dwarf;
				ENABLE_STRICT_OBJC_MSGSEND = YES;
				ENABLE_TESTABILITY = YES;
				GCC_C_LANGUAGE_STANDARD = gnu11;
				GCC_DYNAMIC_NO_PIC = NO;
				GCC_NO_COMMON_BLOCKS = YES;
				GCC_OPTIMIZATION_LEVEL = 0;
				GCC_PREPROCESSOR_DEFINITIONS = (
					"DEBUG=1",
					"$(inherited)",
				);
				GCC_WARN_64_TO_32_BIT_CONVERSION = YES;
				GCC_WARN_ABOUT_RETURN_TYPE = YES_ERROR;
				GCC_WARN_UNDECLARED_SELECTOR = YES;
				GCC_WARN_UNINITIALIZED_AUTOS = YES_AGGRESSIVE;
				GCC_WARN_UNUSED_FUNCTION = YES;
				GCC_WARN_UNUSED_VARIABLE = YES;
				IPHONEOS_DEPLOYMENT_TARGET = 12.1;
				MTL_ENABLE_DEBUG_INFO = INCLUDE_SOURCE;
				MTL_FAST_MATH = YES;
				ONLY_ACTIVE_ARCH = YES;
				SDKROOT = iphoneos;
				SWIFT_ACTIVE_COMPILATION_CONDITIONS = DEBUG;
				SWIFT_OPTIMIZATION_LEVEL = "-Onone";
			};
			name = Debug;
		};
		84BBDD23221C376500ACE3C6 /* Release */ = {
			isa = XCBuildConfiguration;
			buildSettings = {
				ALWAYS_SEARCH_USER_PATHS = NO;
				CLANG_ANALYZER_NONNULL = YES;
				CLANG_ANALYZER_NUMBER_OBJECT_CONVERSION = YES_AGGRESSIVE;
				CLANG_CXX_LANGUAGE_STANDARD = "gnu++14";
				CLANG_CXX_LIBRARY = "libc++";
				CLANG_ENABLE_MODULES = YES;
				CLANG_ENABLE_OBJC_ARC = YES;
				CLANG_ENABLE_OBJC_WEAK = YES;
				CLANG_WARN_BLOCK_CAPTURE_AUTORELEASING = YES;
				CLANG_WARN_BOOL_CONVERSION = YES;
				CLANG_WARN_COMMA = YES;
				CLANG_WARN_CONSTANT_CONVERSION = YES;
				CLANG_WARN_DEPRECATED_OBJC_IMPLEMENTATIONS = YES;
				CLANG_WARN_DIRECT_OBJC_ISA_USAGE = YES_ERROR;
				CLANG_WARN_DOCUMENTATION_COMMENTS = YES;
				CLANG_WARN_EMPTY_BODY = YES;
				CLANG_WARN_ENUM_CONVERSION = YES;
				CLANG_WARN_INFINITE_RECURSION = YES;
				CLANG_WARN_INT_CONVERSION = YES;
				CLANG_WARN_NON_LITERAL_NULL_CONVERSION = YES;
				CLANG_WARN_OBJC_IMPLICIT_RETAIN_SELF = YES;
				CLANG_WARN_OBJC_LITERAL_CONVERSION = YES;
				CLANG_WARN_OBJC_ROOT_CLASS = YES_ERROR;
				CLANG_WARN_RANGE_LOOP_ANALYSIS = YES;
				CLANG_WARN_STRICT_PROTOTYPES = YES;
				CLANG_WARN_SUSPICIOUS_MOVE = YES;
				CLANG_WARN_UNGUARDED_AVAILABILITY = YES_AGGRESSIVE;
				CLANG_WARN_UNREACHABLE_CODE = YES;
				CLANG_WARN__DUPLICATE_METHOD_MATCH = YES;
				CODE_SIGN_IDENTITY = "iPhone Developer";
				COPY_PHASE_STRIP = NO;
				DEBUG_INFORMATION_FORMAT = "dwarf-with-dsym";
				ENABLE_NS_ASSERTIONS = NO;
				ENABLE_STRICT_OBJC_MSGSEND = YES;
				GCC_C_LANGUAGE_STANDARD = gnu11;
				GCC_NO_COMMON_BLOCKS = YES;
				GCC_WARN_64_TO_32_BIT_CONVERSION = YES;
				GCC_WARN_ABOUT_RETURN_TYPE = YES_ERROR;
				GCC_WARN_UNDECLARED_SELECTOR = YES;
				GCC_WARN_UNINITIALIZED_AUTOS = YES_AGGRESSIVE;
				GCC_WARN_UNUSED_FUNCTION = YES;
				GCC_WARN_UNUSED_VARIABLE = YES;
				IPHONEOS_DEPLOYMENT_TARGET = 12.1;
				MTL_ENABLE_DEBUG_INFO = NO;
				MTL_FAST_MATH = YES;
				SDKROOT = iphoneos;
				SWIFT_COMPILATION_MODE = wholemodule;
				SWIFT_OPTIMIZATION_LEVEL = "-O";
				VALIDATE_PRODUCT = YES;
			};
			name = Release;
		};
		84BBDD25221C376500ACE3C6 /* Debug */ = {
			isa = XCBuildConfiguration;
			buildSettings = {
				ASSETCATALOG_COMPILER_APPICON_NAME = AppIcon;
				CODE_SIGN_STYLE = Automatic;
				DEVELOPMENT_TEAM = XUXX75785S;
				INFOPLIST_FILE = Music/Info.plist;
				LD_RUNPATH_SEARCH_PATHS = (
					"$(inherited)",
					"@executable_path/Frameworks",
				);
				PRODUCT_BUNDLE_IDENTIFIER = LeChinhDev.Music;
				PRODUCT_NAME = "$(TARGET_NAME)";
				SWIFT_VERSION = 4.2;
				TARGETED_DEVICE_FAMILY = "1,2";
			};
			name = Debug;
		};
		84BBDD26221C376500ACE3C6 /* Release */ = {
			isa = XCBuildConfiguration;
			buildSettings = {
				ASSETCATALOG_COMPILER_APPICON_NAME = AppIcon;
				CODE_SIGN_STYLE = Automatic;
				DEVELOPMENT_TEAM = XUXX75785S;
				INFOPLIST_FILE = Music/Info.plist;
				LD_RUNPATH_SEARCH_PATHS = (
					"$(inherited)",
					"@executable_path/Frameworks",
				);
				PRODUCT_BUNDLE_IDENTIFIER = LeChinhDev.Music;
				PRODUCT_NAME = "$(TARGET_NAME)";
				SWIFT_VERSION = 4.2;
				TARGETED_DEVICE_FAMILY = "1,2";
			};
			name = Release;
		};
		84BBDD28221C376500ACE3C6 /* Debug */ = {
			isa = XCBuildConfiguration;
			buildSettings = {
				ALWAYS_EMBED_SWIFT_STANDARD_LIBRARIES = YES;
				BUNDLE_LOADER = "$(TEST_HOST)";
				CODE_SIGN_STYLE = Automatic;
				DEVELOPMENT_TEAM = XUXX75785S;
				INFOPLIST_FILE = MusicTests/Info.plist;
				LD_RUNPATH_SEARCH_PATHS = (
					"$(inherited)",
					"@executable_path/Frameworks",
					"@loader_path/Frameworks",
				);
				PRODUCT_BUNDLE_IDENTIFIER = LeChinhDev.MusicTests;
				PRODUCT_NAME = "$(TARGET_NAME)";
				SWIFT_VERSION = 4.2;
				TARGETED_DEVICE_FAMILY = "1,2";
				TEST_HOST = "$(BUILT_PRODUCTS_DIR)/Music.app/Music";
			};
			name = Debug;
		};
		84BBDD29221C376500ACE3C6 /* Release */ = {
			isa = XCBuildConfiguration;
			buildSettings = {
				ALWAYS_EMBED_SWIFT_STANDARD_LIBRARIES = YES;
				BUNDLE_LOADER = "$(TEST_HOST)";
				CODE_SIGN_STYLE = Automatic;
				DEVELOPMENT_TEAM = XUXX75785S;
				INFOPLIST_FILE = MusicTests/Info.plist;
				LD_RUNPATH_SEARCH_PATHS = (
					"$(inherited)",
					"@executable_path/Frameworks",
					"@loader_path/Frameworks",
				);
				PRODUCT_BUNDLE_IDENTIFIER = LeChinhDev.MusicTests;
				PRODUCT_NAME = "$(TARGET_NAME)";
				SWIFT_VERSION = 4.2;
				TARGETED_DEVICE_FAMILY = "1,2";
				TEST_HOST = "$(BUILT_PRODUCTS_DIR)/Music.app/Music";
			};
			name = Release;
		};
		84BBDD2B221C376500ACE3C6 /* Debug */ = {
			isa = XCBuildConfiguration;
			buildSettings = {
				ALWAYS_EMBED_SWIFT_STANDARD_LIBRARIES = YES;
				CODE_SIGN_STYLE = Automatic;
				DEVELOPMENT_TEAM = XUXX75785S;
				INFOPLIST_FILE = MusicUITests/Info.plist;
				LD_RUNPATH_SEARCH_PATHS = (
					"$(inherited)",
					"@executable_path/Frameworks",
					"@loader_path/Frameworks",
				);
				PRODUCT_BUNDLE_IDENTIFIER = LeChinhDev.MusicUITests;
				PRODUCT_NAME = "$(TARGET_NAME)";
				SWIFT_VERSION = 4.2;
				TARGETED_DEVICE_FAMILY = "1,2";
				TEST_TARGET_NAME = Music;
			};
			name = Debug;
		};
		84BBDD2C221C376500ACE3C6 /* Release */ = {
			isa = XCBuildConfiguration;
			buildSettings = {
				ALWAYS_EMBED_SWIFT_STANDARD_LIBRARIES = YES;
				CODE_SIGN_STYLE = Automatic;
				DEVELOPMENT_TEAM = XUXX75785S;
				INFOPLIST_FILE = MusicUITests/Info.plist;
				LD_RUNPATH_SEARCH_PATHS = (
					"$(inherited)",
					"@executable_path/Frameworks",
					"@loader_path/Frameworks",
				);
				PRODUCT_BUNDLE_IDENTIFIER = LeChinhDev.MusicUITests;
				PRODUCT_NAME = "$(TARGET_NAME)";
				SWIFT_VERSION = 4.2;
				TARGETED_DEVICE_FAMILY = "1,2";
				TEST_TARGET_NAME = Music;
			};
			name = Release;
		};
/* End XCBuildConfiguration section */

/* Begin XCConfigurationList section */
		84BBDCF7221C376400ACE3C6 /* Build configuration list for PBXProject "Music" */ = {
			isa = XCConfigurationList;
			buildConfigurations = (
				84BBDD22221C376500ACE3C6 /* Debug */,
				84BBDD23221C376500ACE3C6 /* Release */,
			);
			defaultConfigurationIsVisible = 0;
			defaultConfigurationName = Release;
		};
		84BBDD24221C376500ACE3C6 /* Build configuration list for PBXNativeTarget "Music" */ = {
			isa = XCConfigurationList;
			buildConfigurations = (
				84BBDD25221C376500ACE3C6 /* Debug */,
				84BBDD26221C376500ACE3C6 /* Release */,
			);
			defaultConfigurationIsVisible = 0;
			defaultConfigurationName = Release;
		};
		84BBDD27221C376500ACE3C6 /* Build configuration list for PBXNativeTarget "MusicTests" */ = {
			isa = XCConfigurationList;
			buildConfigurations = (
				84BBDD28221C376500ACE3C6 /* Debug */,
				84BBDD29221C376500ACE3C6 /* Release */,
			);
			defaultConfigurationIsVisible = 0;
			defaultConfigurationName = Release;
		};
		84BBDD2A221C376500ACE3C6 /* Build configuration list for PBXNativeTarget "MusicUITests" */ = {
			isa = XCConfigurationList;
			buildConfigurations = (
				84BBDD2B221C376500ACE3C6 /* Debug */,
				84BBDD2C221C376500ACE3C6 /* Release */,
			);
			defaultConfigurationIsVisible = 0;
			defaultConfigurationName = Release;
		};
/* End XCConfigurationList section */
	};
	rootObject = 84BBDCF4221C376400ACE3C6 /* Project object */;
}
